
Microsoft Visual Studio Solution File, Format Version 12.00
# Visual Studio Version 17
VisualStudioVersion = 17.3.32804.467
MinimumVisualStudioVersion = 10.0.40219.1
Project("{FAE04EC0-301F-11D3-BF4B-00C04F79EFBC}") = "SecondApplication", "SecondApplication.csproj", "{2606FE03-EB5A-4B58-B066-3F0F35E137EC}"
EndProject
Global
	GlobalSection(SolutionConfigurationPlatforms) = preSolution
		Debug|Any CPU = Debug|Any CPU
		Release|Any CPU = Release|Any CPU
	EndGlobalSection
	GlobalSection(ProjectConfigurationPlatforms) = postSolution
		{2606FE03-EB5A-4B58-B066-3F0F35E137EC}.Debug|Any CPU.ActiveCfg = Debug|Any CPU
		{2606FE03-EB5A-4B58-B066-3F0F35E137EC}.Debug|Any CPU.Build.0 = Debug|Any CPU
		{2606FE03-EB5A-4B58-B066-3F0F35E137EC}.Release|Any CPU.ActiveCfg = Release|Any CPU
		{2606FE03-EB5A-4B58-B066-3F0F35E137EC}.Release|Any CPU.Build.0 = Release|Any CPU
	EndGlobalSection
	GlobalSection(SolutionProperties) = preSolution
		HideSolutionNode = FALSE
	EndGlobalSection
	GlobalSection(ExtensibilityGlobals) = postSolution
		SolutionGuid = {B103F7C6-3F99-42E3-A72D-8557F2D21E2F}
	EndGlobalSection
EndGlobal
